
Microsoft Visual Studio Solution File, Format Version 12.00
# Visual Studio Version 17
VisualStudioVersion = 17.7.34031.279
MinimumVisualStudioVersion = 10.0.40219.1
Project("{8BC9CEB8-8B4A-11D0-8D11-00A0C91BC942}") = "p1 3x3 random matrix", "p1 3x3 random matrix\p1 3x3 random matrix.vcxproj", "{BFB666A5-2E8D-46F7-9A02-2F764FCB0FB7}"
EndProject
Global
	GlobalSection(SolutionConfigurationPlatforms) = preSolution
		Debug|x64 = Debug|x64
		Debug|x86 = Debug|x86
		Release|x64 = Release|x64
		Release|x86 = Release|x86
	EndGlobalSection
	GlobalSection(ProjectConfigurationPlatforms) = postSolution
		{BFB666A5-2E8D-46F7-9A02-2F764FCB0FB7}.Debug|x64.ActiveCfg = Debug|x64
		{BFB666A5-2E8D-46F7-9A02-2F764FCB0FB7}.Debug|x64.Build.0 = Debug|x64
		{BFB666A5-2E8D-46F7-9A02-2F764FCB0FB7}.Debug|x86.ActiveCfg = Debug|Win32
		{BFB666A5-2E8D-46F7-9A02-2F764FCB0FB7}.Debug|x86.Build.0 = Debug|Win32
		{BFB666A5-2E8D-46F7-9A02-2F764FCB0FB7}.Release|x64.ActiveCfg = Release|x64
		{BFB666A5-2E8D-46F7-9A02-2F764FCB0FB7}.Release|x64.Build.0 = Release|x64
		{BFB666A5-2E8D-46F7-9A02-2F764FCB0FB7}.Release|x86.ActiveCfg = Release|Win32
		{BFB666A5-2E8D-46F7-9A02-2F764FCB0FB7}.Release|x86.Build.0 = Release|Win32
	EndGlobalSection
	GlobalSection(SolutionProperties) = preSolution
		HideSolutionNode = FALSE
	EndGlobalSection
	GlobalSection(ExtensibilityGlobals) = postSolution
		SolutionGuid = {E3EF42D0-AACA-4CF7-93A4-B77C622D75E3}
	EndGlobalSection
EndGlobal
